# This file is automatically @generated by Cargo.
# It is not intended for manual editing.
version = 4

[[package]]
name = "cairn-math"
version = "0.1.0"

[[package]]
name = "cairn-workload"
version = "0.1.0"

[[package]]
name = "cairn-workload-template"
version = "0.1.0"
dependencies = [
 "cairn-math",
 "cairn-workload",
]
